// !$*UTF8*$!
{
	archiveVersion = 1;
	classes = {
	};
	objectVersion = 50;
	objects = {

/* Begin PBXBuildFile section */
		DD1826402499ED1600465E82 /* AppDelegate.m in Sources */ = {isa = PBXBuildFile; fileRef = DD18263F2499ED1600465E82 /* AppDelegate.m */; };
		DD1826432499ED1600465E82 /* SceneDelegate.m in Sources */ = {isa = PBXBuildFile; fileRef = DD1826422499ED1600465E82 /* SceneDelegate.m */; };
		DD1826462499ED1600465E82 /* ViewController.m in Sources */ = {isa = PBXBuildFile; fileRef = DD1826452499ED1600465E82 /* ViewController.m */; };
		DD1826492499ED1600465E82 /* Main.storyboard in Resources */ = {isa = PBXBuildFile; fileRef = DD1826472499ED1600465E82 /* Main.storyboard */; };
		DD18264B2499ED1900465E82 /* Assets.xcassets in Resources */ = {isa = PBXBuildFile; fileRef = DD18264A2499ED1900465E82 /* Assets.xcassets */; };
		DD18264E2499ED1900465E82 /* LaunchScreen.storyboard in Resources */ = {isa = PBXBuildFile; fileRef = DD18264C2499ED1900465E82 /* LaunchScreen.storyboard */; };
		DD1826512499ED1900465E82 /* main.m in Sources */ = {isa = PBXBuildFile; fileRef = DD1826502499ED1900465E82 /* main.m */; };
		DD18265A2499F30300465E82 /* Test.m in Sources */ = {isa = PBXBuildFile; fileRef = DD1826592499F30300465E82 /* Test.m */; };
/* End PBXBuildFile section */

/* Begin PBXFileReference section */
		DD18263B2499ED1600465E82 /* moduleTest.app */ = {isa = PBXFileReference; explicitFileType = wrapper.application; includeInIndex = 0; path = moduleTest.app; sourceTree = BUILT_PRODUCTS_DIR; };
		DD18263E2499ED1600465E82 /* AppDelegate.h */ = {isa = PBXFileReference; lastKnownFileType = sourcecode.c.h; path = AppDelegate.h; sourceTree = "<group>"; };
		DD18263F2499ED1600465E82 /* AppDelegate.m */ = {isa = PBXFileReference; lastKnownFileType = sourcecode.c.objc; path = AppDelegate.m; sourceTree = "<group>"; };
		DD1826412499ED1600465E82 /* SceneDelegate.h */ = {isa = PBXFileReference; lastKnownFileType = sourcecode.c.h; path = SceneDelegate.h; sourceTree = "<group>"; };
		DD1826422499ED1600465E82 /* SceneDelegate.m */ = {isa = PBXFileReference; lastKnownFileType = sourcecode.c.objc; path = SceneDelegate.m; sourceTree = "<group>"; };
		DD1826442499ED1600465E82 /* ViewController.h */ = {isa = PBXFileReference; lastKnownFileType = sourcecode.c.h; path = ViewController.h; sourceTree = "<group>"; };
		DD1826452499ED1600465E82 /* ViewController.m */ = {isa = PBXFileReference; lastKnownFileType = sourcecode.c.objc; path = ViewController.m; sourceTree = "<group>"; };
		DD1826482499ED1600465E82 /* Base */ = {isa = PBXFileReference; lastKnownFileType = file.storyboard; name = Base; path = Base.lproj/Main.storyboard; sourceTree = "<group>"; };
		DD18264A2499ED1900465E82 /* Assets.xcassets */ = {isa = PBXFileReference; lastKnownFileType = folder.assetcatalog; path = Assets.xcassets; sourceTree = "<group>"; };
		DD18264D2499ED1900465E82 /* Base */ = {isa = PBXFileReference; lastKnownFileType = file.storyboard; name = Base; path = Base.lproj/LaunchScreen.storyboard; sourceTree = "<group>"; };
		DD18264F2499ED1900465E82 /* Info.plist */ = {isa = PBXFileReference; lastKnownFileType = text.plist.xml; path = Info.plist; sourceTree = "<group>"; };
		DD1826502499ED1900465E82 /* main.m */ = {isa = PBXFileReference; lastKnownFileType = sourcecode.c.objc; path = main.m; sourceTree = "<group>"; };
		DD1826582499F30300465E82 /* Test.h */ = {isa = PBXFileReference; lastKnownFileType = sourcecode.c.h; path = Test.h; sourceTree = "<group>"; };
		DD1826592499F30300465E82 /* Test.m */ = {isa = PBXFileReference; lastKnownFileType = sourcecode.c.objc; path = Test.m; sourceTree = "<group>"; };
/* End PBXFileReference section */

/* Begin PBXFrameworksBuildPhase section */
		DD1826382499ED1600465E82 /* Frameworks */ = {
			isa = PBXFrameworksBuildPhase;
			buildActionMask = 2147483647;
			files = (
			);
			runOnlyForDeploymentPostprocessing = 0;
		};
/* End PBXFrameworksBuildPhase section */

/* Begin PBXGroup section */
		DD1826322499ED1600465E82 = {
			isa = PBXGroup;
			children = (
				DD18263D2499ED1600465E82 /* moduleTest */,
				DD18263C2499ED1600465E82 /* Products */,
			);
			sourceTree = "<group>";
		};
		DD18263C2499ED1600465E82 /* Products */ = {
			isa = PBXGroup;
			children = (
				DD18263B2499ED1600465E82 /* moduleTest.app */,
			);
			name = Products;
			sourceTree = "<group>";
		};
		DD18263D2499ED1600465E82 /* moduleTest */ = {
			isa = PBXGroup;
			children = (
				DD1826572499F2E700465E82 /* source */,
				DD18263E2499ED1600465E82 /* AppDelegate.h */,
				DD18263F2499ED1600465E82 /* AppDelegate.m */,
				DD1826412499ED1600465E82 /* SceneDelegate.h */,
				DD1826422499ED1600465E82 /* SceneDelegate.m */,
				DD1826442499ED1600465E82 /* ViewController.h */,
				DD1826452499ED1600465E82 /* ViewController.m */,
				DD1826472499ED1600465E82 /* Main.storyboard */,
				DD18264A2499ED1900465E82 /* Assets.xcassets */,
				DD18264C2499ED1900465E82 /* LaunchScreen.storyboard */,
				DD18264F2499ED1900465E82 /* Info.plist */,
				DD1826502499ED1900465E82 /* main.m */,
			);
			path = moduleTest;
			sourceTree = "<group>";
		};
		DD1826572499F2E700465E82 /* source */ = {
			isa = PBXGroup;
			children = (
				DD1826582499F30300465E82 /* Test.h */,
				DD1826592499F30300465E82 /* Test.m */,
			);
			path = source;
			sourceTree = "<group>";
		};
/* End PBXGroup section */

/* Begin PBXNativeTarget section */
		DD18263A2499ED1600465E82 /* moduleTest */ = {
			isa = PBXNativeTarget;
			buildConfigurationList = DD1826542499ED1900465E82 /* Build configuration list for PBXNativeTarget "moduleTest" */;
			buildPhases = (
				DD1826372499ED1600465E82 /* Sources */,
				DD1826382499ED1600465E82 /* Frameworks */,
				DD1826392499ED1600465E82 /* Resources */,
			);
			buildRules = (
			);
			dependencies = (
			);
			name = moduleTest;
			productName = moduleTest;
			productReference = DD18263B2499ED1600465E82 /* moduleTest.app */;
			productType = "com.apple.product-type.application";
		};
/* End PBXNativeTarget section */

/* Begin PBXProject section */
		DD1826332499ED1600465E82 /* Project object */ = {
			isa = PBXProject;
			attributes = {
				LastUpgradeCheck = 1150;
				ORGANIZATIONNAME = a121tongbu;
				TargetAttributes = {
					DD18263A2499ED1600465E82 = {
						CreatedOnToolsVersion = 11.5;
					};
				};
			};
			buildConfigurationList = DD1826362499ED1600465E82 /* Build configuration list for PBXProject "moduleTest" */;
			compatibilityVersion = "Xcode 9.3";
			developmentRegion = en;
			hasScannedForEncodings = 0;
			knownRegions = (
				en,
				Base,
			);
			mainGroup = DD1826322499ED1600465E82;
			productRefGroup = DD18263C2499ED1600465E82 /* Products */;
			projectDirPath = "";
			projectRoot = "";
			targets = (
				DD18263A2499ED1600465E82 /* moduleTest */,
			);
		};
/* End PBXProject section */

/* Begin PBXResourcesBuildPhase section */
		DD1826392499ED1600465E82 /* Resources */ = {
			isa = PBXResourcesBuildPhase;
			buildActionMask = 2147483647;
			files = (
				DD18264E2499ED1900465E82 /* LaunchScreen.storyboard in Resources */,
				DD18264B2499ED1900465E82 /* Assets.xcassets in Resources */,
				DD1826492499ED1600465E82 /* Main.storyboard in Resources */,
			);
			runOnlyForDeploymentPostprocessing = 0;
		};
/* End PBXResourcesBuildPhase section */

/* Begin PBXSourcesBuildPhase section */
		DD1826372499ED1600465E82 /* Sources */ = {
			isa = PBXSourcesBuildPhase;
			buildActionMask = 2147483647;
			files = (
				DD18265A2499F30300465E82 /* Test.m in Sources */,
				DD1826462499ED1600465E82 /* ViewController.m in Sources */,
				DD1826402499ED1600465E82 /* AppDelegate.m in Sources */,
				DD1826512499ED1900465E82 /* main.m in Sources */,
				DD1826432499ED1600465E82 /* SceneDelegate.m in Sources */,
			);
			runOnlyForDeploymentPostprocessing = 0;
		};
/* End PBXSourcesBuildPhase section */

/* Begin PBXVariantGroup section */
		DD1826472499ED1600465E82 /* Main.storyboard */ = {
			isa = PBXVariantGroup;
			children = (
				DD1826482499ED1600465E82 /* Base */,
			);
			name = Main.storyboard;
			sourceTree = "<group>";
		};
		DD18264C2499ED1900465E82 /* LaunchScreen.storyboard */ = {
			isa = PBXVariantGroup;
			children = (
				DD18264D2499ED1900465E82 /* Base */,
			);
			name = LaunchScreen.storyboard;
			sourceTree = "<group>";
		};
/* End PBXVariantGroup section */

/* Begin XCBuildConfiguration section */
		DD1826522499ED1900465E82 /* Debug */ = {
			isa = XCBuildConfiguration;
			buildSettings = {
				ALWAYS_SEARCH_USER_PATHS = NO;
				CLANG_ANALYZER_NONNULL = YES;
				CLANG_ANALYZER_NUMBER_OBJECT_CONVERSION = YES_AGGRESSIVE;
				CLANG_CXX_LANGUAGE_STANDARD = "gnu++14";
				CLANG_CXX_LIBRARY = "libc++";
				CLANG_ENABLE_MODULES = YES;
				CLANG_ENABLE_OBJC_ARC = YES;
				CLANG_ENABLE_OBJC_WEAK = YES;
				CLANG_WARN_BLOCK_CAPTURE_AUTORELEASING = YES;
				CLANG_WARN_BOOL_CONVERSION = YES;
				CLANG_WARN_COMMA = YES;
				CLANG_WARN_CONSTANT_CONVERSION = YES;
				CLANG_WARN_DEPRECATED_OBJC_IMPLEMENTATIONS = YES;
				CLANG_WARN_DIRECT_OBJC_ISA_USAGE = YES_ERROR;
				CLANG_WARN_DOCUMENTATION_COMMENTS = YES;
				CLANG_WARN_EMPTY_BODY = YES;
				CLANG_WARN_ENUM_CONVERSION = YES;
				CLANG_WARN_INFINITE_RECURSION = YES;
				CLANG_WARN_INT_CONVERSION = YES;
				CLANG_WARN_NON_LITERAL_NULL_CONVERSION = YES;
				CLANG_WARN_OBJC_IMPLICIT_RETAIN_SELF = YES;
				CLANG_WARN_OBJC_LITERAL_CONVERSION = YES;
				CLANG_WARN_OBJC_ROOT_CLASS = YES_ERROR;
				CLANG_WARN_RANGE_LOOP_ANALYSIS = YES;
				CLANG_WARN_STRICT_PROTOTYPES = YES;
				CLANG_WARN_SUSPICIOUS_MOVE = YES;
				CLANG_WARN_UNGUARDED_AVAILABILITY = YES_AGGRESSIVE;
				CLANG_WARN_UNREACHABLE_CODE = YES;
				CLANG_WARN__DUPLICATE_METHOD_MATCH = YES;
				COPY_PHASE_STRIP = NO;
				DEBUG_INFORMATION_FORMAT = dwarf;
				ENABLE_STRICT_OBJC_MSGSEND = YES;
				ENABLE_TESTABILITY = YES;
				GCC_C_LANGUAGE_STANDARD = gnu11;
				GCC_DYNAMIC_NO_PIC = NO;
				GCC_NO_COMMON_BLOCKS = YES;
				GCC_OPTIMIZATION_LEVEL = 0;
				GCC_PREPROCESSOR_DEFINITIONS = (
					"DEBUG=1",
					"$(inherited)",
				);
				GCC_WARN_64_TO_32_BIT_CONVERSION = YES;
				GCC_WARN_ABOUT_RETURN_TYPE = YES_ERROR;
				GCC_WARN_UNDECLARED_SELECTOR = YES;
				GCC_WARN_UNINITIALIZED_AUTOS = YES_AGGRESSIVE;
				GCC_WARN_UNUSED_FUNCTION = YES;
				GCC_WARN_UNUSED_VARIABLE = YES;
				IPHONEOS_DEPLOYMENT_TARGET = 13.5;
				MTL_ENABLE_DEBUG_INFO = INCLUDE_SOURCE;
				MTL_FAST_MATH = YES;
				ONLY_ACTIVE_ARCH = YES;
				SDKROOT = iphoneos;
			};
			name = Debug;
		};
		DD1826532499ED1900465E82 /* Release */ = {
			isa = XCBuildConfiguration;
			buildSettings = {
				ALWAYS_SEARCH_USER_PATHS = NO;
				CLANG_ANALYZER_NONNULL = YES;
				CLANG_ANALYZER_NUMBER_OBJECT_CONVERSION = YES_AGGRESSIVE;
				CLANG_CXX_LANGUAGE_STANDARD = "gnu++14";
				CLANG_CXX_LIBRARY = "libc++";
				CLANG_ENABLE_MODULES = YES;
				CLANG_ENABLE_OBJC_ARC = YES;
				CLANG_ENABLE_OBJC_WEAK = YES;
				CLANG_WARN_BLOCK_CAPTURE_AUTORELEASING = YES;
				CLANG_WARN_BOOL_CONVERSION = YES;
				CLANG_WARN_COMMA = YES;
				CLANG_WARN_CONSTANT_CONVERSION = YES;
				CLANG_WARN_DEPRECATED_OBJC_IMPLEMENTATIONS = YES;
				CLANG_WARN_DIRECT_OBJC_ISA_USAGE = YES_ERROR;
				CLANG_WARN_DOCUMENTATION_COMMENTS = YES;
				CLANG_WARN_EMPTY_BODY = YES;
				CLANG_WARN_ENUM_CONVERSION = YES;
				CLANG_WARN_INFINITE_RECURSION = YES;
				CLANG_WARN_INT_CONVERSION = YES;
				CLANG_WARN_NON_LITERAL_NULL_CONVERSION = YES;
				CLANG_WARN_OBJC_IMPLICIT_RETAIN_SELF = YES;
				CLANG_WARN_OBJC_LITERAL_CONVERSION = YES;
				CLANG_WARN_OBJC_ROOT_CLASS = YES_ERROR;
				CLANG_WARN_RANGE_LOOP_ANALYSIS = YES;
				CLANG_WARN_STRICT_PROTOTYPES = YES;
				CLANG_WARN_SUSPICIOUS_MOVE = YES;
				CLANG_WARN_UNGUARDED_AVAILABILITY = YES_AGGRESSIVE;
				CLANG_WARN_UNREACHABLE_CODE = YES;
				CLANG_WARN__DUPLICATE_METHOD_MATCH = YES;
				COPY_PHASE_STRIP = NO;
				DEBUG_INFORMATION_FORMAT = "dwarf-with-dsym";
				ENABLE_NS_ASSERTIONS = NO;
				ENABLE_STRICT_OBJC_MSGSEND = YES;
				GCC_C_LANGUAGE_STANDARD = gnu11;
				GCC_NO_COMMON_BLOCKS = YES;
				GCC_WARN_64_TO_32_BIT_CONVERSION = YES;
				GCC_WARN_ABOUT_RETURN_TYPE = YES_ERROR;
				GCC_WARN_UNDECLARED_SELECTOR = YES;
				GCC_WARN_UNINITIALIZED_AUTOS = YES_AGGRESSIVE;
				GCC_WARN_UNUSED_FUNCTION = YES;
				GCC_WARN_UNUSED_VARIABLE = YES;
				IPHONEOS_DEPLOYMENT_TARGET = 13.5;
				MTL_ENABLE_DEBUG_INFO = NO;
				MTL_FAST_MATH = YES;
				SDKROOT = iphoneos;
				VALIDATE_PRODUCT = YES;
			};
			name = Release;
		};
		DD1826552499ED1900465E82 /* Debug */ = {
			isa = XCBuildConfiguration;
			buildSettings = {
				ASSETCATALOG_COMPILER_APPICON_NAME = AppIcon;
				CODE_SIGN_STYLE = Automatic;
				INFOPLIST_FILE = moduleTest/Info.plist;
				LD_RUNPATH_SEARCH_PATHS = (
					"$(inherited)",
					"@executable_path/Frameworks",
				);
				PRODUCT_BUNDLE_IDENTIFIER = com.a121tongbu.moduleTest;
				PRODUCT_NAME = "$(TARGET_NAME)";
				TARGETED_DEVICE_FAMILY = "1,2";
			};
			name = Debug;
		};
		DD1826562499ED1900465E82 /* Release */ = {
			isa = XCBuildConfiguration;
			buildSettings = {
				ASSETCATALOG_COMPILER_APPICON_NAME = AppIcon;
				CODE_SIGN_STYLE = Automatic;
				INFOPLIST_FILE = moduleTest/Info.plist;
				LD_RUNPATH_SEARCH_PATHS = (
					"$(inherited)",
					"@executable_path/Frameworks",
				);
				PRODUCT_BUNDLE_IDENTIFIER = com.a121tongbu.moduleTest;
				PRODUCT_NAME = "$(TARGET_NAME)";
				TARGETED_DEVICE_FAMILY = "1,2";
			};
			name = Release;
		};
/* End XCBuildConfiguration section */

/* Begin XCConfigurationList section */
		DD1826362499ED1600465E82 /* Build configuration list for PBXProject "moduleTest" */ = {
			isa = XCConfigurationList;
			buildConfigurations = (
				DD1826522499ED1900465E82 /* Debug */,
				DD1826532499ED1900465E82 /* Release */,
			);
			defaultConfigurationIsVisible = 0;
			defaultConfigurationName = Release;
		};
		DD1826542499ED1900465E82 /* Build configuration list for PBXNativeTarget "moduleTest" */ = {
			isa = XCConfigurationList;
			buildConfigurations = (
				DD1826552499ED1900465E82 /* Debug */,
				DD1826562499ED1900465E82 /* Release */,
			);
			defaultConfigurationIsVisible = 0;
			defaultConfigurationName = Release;
		};
/* End XCConfigurationList section */
	};
	rootObject = DD1826332499ED1600465E82 /* Project object */;
}
